
Microsoft Visual Studio Solution File, Format Version 12.00
# Visual Studio Version 17
VisualStudioVersion = 17.11.35303.130
MinimumVisualStudioVersion = 10.0.40219.1
Project("{9A19103F-16F7-4668-BE54-9A1E7A4F7556}") = "NewPlusDecorations", "NewPlusDecorations.csproj", "{23E854C6-E39C-4CC9-A4EE-95D7C5574AC1}"
EndProject
Global
	GlobalSection(SolutionConfigurationPlatforms) = preSolution
		Debug|Any CPU = Debug|Any CPU
		Release|Any CPU = Release|Any CPU
	EndGlobalSection
	GlobalSection(ProjectConfigurationPlatforms) = postSolution
		{23E854C6-E39C-4CC9-A4EE-95D7C5574AC1}.Debug|Any CPU.ActiveCfg = Debug|Any CPU
		{23E854C6-E39C-4CC9-A4EE-95D7C5574AC1}.Debug|Any CPU.Build.0 = Debug|Any CPU
		{23E854C6-E39C-4CC9-A4EE-95D7C5574AC1}.Release|Any CPU.ActiveCfg = Release|Any CPU
		{23E854C6-E39C-4CC9-A4EE-95D7C5574AC1}.Release|Any CPU.Build.0 = Release|Any CPU
	EndGlobalSection
	GlobalSection(SolutionProperties) = preSolution
		HideSolutionNode = FALSE
	EndGlobalSection
	GlobalSection(ExtensibilityGlobals) = postSolution
		SolutionGuid = {5DCDABEA-B6F6-4EB8-AE6D-A6759107DC82}
	EndGlobalSection
EndGlobal
